
Microsoft Visual Studio Solution File, Format Version 12.00
# Visual Studio Version 16
VisualStudioVersion = 16.0.30523.141
MinimumVisualStudioVersion = 10.0.40219.1
Project("{FAE04EC0-301F-11D3-BF4B-00C04F79EFBC}") = "Aula 2210", "Aula 2210\Aula 2210.csproj", "{B0BB31AE-1C78-4645-9F8F-ECFD8FA1B607}"
EndProject
Global
	GlobalSection(SolutionConfigurationPlatforms) = preSolution
		Debug|Any CPU = Debug|Any CPU
		Release|Any CPU = Release|Any CPU
	EndGlobalSection
	GlobalSection(ProjectConfigurationPlatforms) = postSolution
		{B0BB31AE-1C78-4645-9F8F-ECFD8FA1B607}.Debug|Any CPU.ActiveCfg = Debug|Any CPU
		{B0BB31AE-1C78-4645-9F8F-ECFD8FA1B607}.Debug|Any CPU.Build.0 = Debug|Any CPU
		{B0BB31AE-1C78-4645-9F8F-ECFD8FA1B607}.Release|Any CPU.ActiveCfg = Release|Any CPU
		{B0BB31AE-1C78-4645-9F8F-ECFD8FA1B607}.Release|Any CPU.Build.0 = Release|Any CPU
	EndGlobalSection
	GlobalSection(SolutionProperties) = preSolution
		HideSolutionNode = FALSE
	EndGlobalSection
	GlobalSection(ExtensibilityGlobals) = postSolution
		SolutionGuid = {DF3EE97C-FFDB-484E-9811-02B1F7FA4D25}
	EndGlobalSection
EndGlobal
