
Microsoft Visual Studio Solution File, Format Version 12.00
# Visual Studio Version 16
VisualStudioVersion = 16.0.30413.136
MinimumVisualStudioVersion = 10.0.40219.1
Project("{FAE04EC0-301F-11D3-BF4B-00C04F79EFBC}") = "Aula1009", "Aula1009\Aula1009.csproj", "{4E157CA8-A916-46C8-A0A5-4CB477B3A299}"
EndProject
Global
	GlobalSection(SolutionConfigurationPlatforms) = preSolution
		Debug|Any CPU = Debug|Any CPU
		Release|Any CPU = Release|Any CPU
	EndGlobalSection
	GlobalSection(ProjectConfigurationPlatforms) = postSolution
		{4E157CA8-A916-46C8-A0A5-4CB477B3A299}.Debug|Any CPU.ActiveCfg = Debug|Any CPU
		{4E157CA8-A916-46C8-A0A5-4CB477B3A299}.Debug|Any CPU.Build.0 = Debug|Any CPU
		{4E157CA8-A916-46C8-A0A5-4CB477B3A299}.Release|Any CPU.ActiveCfg = Release|Any CPU
		{4E157CA8-A916-46C8-A0A5-4CB477B3A299}.Release|Any CPU.Build.0 = Release|Any CPU
	EndGlobalSection
	GlobalSection(SolutionProperties) = preSolution
		HideSolutionNode = FALSE
	EndGlobalSection
	GlobalSection(ExtensibilityGlobals) = postSolution
		SolutionGuid = {9374D358-2F34-4A04-8B22-034AD9D215BA}
	EndGlobalSection
EndGlobal
